
Microsoft Visual Studio Solution File, Format Version 12.00
# Visual Studio Version 16
VisualStudioVersion = 16.0.30804.86
MinimumVisualStudioVersion = 10.0.40219.1
Project("{9A19103F-16F7-4668-BE54-9A1E7A4F7556}") = "Codeizi.Dependency.Injection.Functional.Test", "..\src\Codeizi.Dependency.Injection.Functional.Test\Codeizi.Dependency.Injection.Functional.Test.csproj", "{DDD80F18-BE19-4F5E-B084-6EF1BADA7CEF}"
EndProject
Project("{9A19103F-16F7-4668-BE54-9A1E7A4F7556}") = "Codeizi.Dependency.Injection", "..\src\Codeizi.Dependency.Injection.Helper\Codeizi.Dependency.Injection.csproj", "{B3F93559-99C2-4910-A47B-E7FB162FD1C9}"
EndProject
Project("{9A19103F-16F7-4668-BE54-9A1E7A4F7556}") = "Codeizi.Dependency.Injection.Test", "..\src\Codeizi.Dependency.Injection.Test\Codeizi.Dependency.Injection.Test.csproj", "{A1218B87-D038-4940-A3BE-2F050CAF46B0}"
EndProject
Global
	GlobalSection(SolutionConfigurationPlatforms) = preSolution
		Debug|Any CPU = Debug|Any CPU
		Release|Any CPU = Release|Any CPU
	EndGlobalSection
	GlobalSection(ProjectConfigurationPlatforms) = postSolution
		{DDD80F18-BE19-4F5E-B084-6EF1BADA7CEF}.Debug|Any CPU.ActiveCfg = Debug|Any CPU
		{DDD80F18-BE19-4F5E-B084-6EF1BADA7CEF}.Debug|Any CPU.Build.0 = Debug|Any CPU
		{DDD80F18-BE19-4F5E-B084-6EF1BADA7CEF}.Release|Any CPU.ActiveCfg = Release|Any CPU
		{DDD80F18-BE19-4F5E-B084-6EF1BADA7CEF}.Release|Any CPU.Build.0 = Release|Any CPU
		{B3F93559-99C2-4910-A47B-E7FB162FD1C9}.Debug|Any CPU.ActiveCfg = Debug|Any CPU
		{B3F93559-99C2-4910-A47B-E7FB162FD1C9}.Debug|Any CPU.Build.0 = Debug|Any CPU
		{B3F93559-99C2-4910-A47B-E7FB162FD1C9}.Release|Any CPU.ActiveCfg = Release|Any CPU
		{B3F93559-99C2-4910-A47B-E7FB162FD1C9}.Release|Any CPU.Build.0 = Release|Any CPU
		{A1218B87-D038-4940-A3BE-2F050CAF46B0}.Debug|Any CPU.ActiveCfg = Debug|Any CPU
		{A1218B87-D038-4940-A3BE-2F050CAF46B0}.Debug|Any CPU.Build.0 = Debug|Any CPU
		{A1218B87-D038-4940-A3BE-2F050CAF46B0}.Release|Any CPU.ActiveCfg = Release|Any CPU
		{A1218B87-D038-4940-A3BE-2F050CAF46B0}.Release|Any CPU.Build.0 = Release|Any CPU
	EndGlobalSection
	GlobalSection(SolutionProperties) = preSolution
		HideSolutionNode = FALSE
	EndGlobalSection
	GlobalSection(ExtensibilityGlobals) = postSolution
		SolutionGuid = {900A3E46-6CC7-4E6D-B020-F8D0E302F3AE}
	EndGlobalSection
EndGlobal
